
Microsoft Visual Studio Solution File, Format Version 12.00
# Visual Studio Version 17
VisualStudioVersion = 17.1.32414.318
MinimumVisualStudioVersion = 10.0.40219.1
Project("{FAE04EC0-301F-11D3-BF4B-00C04F79EFBC}") = "HitboxMod", "HitboxMod.csproj", "{F0A44319-3A9A-4B06-9B9C-6AC112FAC0F1}"
EndProject
Global
	GlobalSection(SolutionConfigurationPlatforms) = preSolution
		Debug|Any CPU = Debug|Any CPU
		Release|Any CPU = Release|Any CPU
	EndGlobalSection
	GlobalSection(ProjectConfigurationPlatforms) = postSolution
		{F0A44319-3A9A-4B06-9B9C-6AC112FAC0F1}.Debug|Any CPU.ActiveCfg = Debug|Any CPU
		{F0A44319-3A9A-4B06-9B9C-6AC112FAC0F1}.Debug|Any CPU.Build.0 = Debug|Any CPU
		{F0A44319-3A9A-4B06-9B9C-6AC112FAC0F1}.Release|Any CPU.ActiveCfg = Release|Any CPU
		{F0A44319-3A9A-4B06-9B9C-6AC112FAC0F1}.Release|Any CPU.Build.0 = Release|Any CPU
	EndGlobalSection
	GlobalSection(SolutionProperties) = preSolution
		HideSolutionNode = FALSE
	EndGlobalSection
	GlobalSection(ExtensibilityGlobals) = postSolution
		SolutionGuid = {813EC204-CC68-432F-A5F1-9961C33B7823}
	EndGlobalSection
EndGlobal
